
Microsoft Visual Studio Solution File, Format Version 12.00
# Visual Studio Version 17
VisualStudioVersion = 17.5.33627.172
MinimumVisualStudioVersion = 10.0.40219.1
Project("{2150E333-8FDC-42A3-9474-1A3956D46DE8}") = "Docs", "Docs", "{02D061A6-B05A-4FE2-B530-440111FB00ED}"
EndProject
Project("{2150E333-8FDC-42A3-9474-1A3956D46DE8}") = "Src", "Src", "{1AA1156C-9C09-432E-AE56-56504B753700}"
EndProject
Project("{2150E333-8FDC-42A3-9474-1A3956D46DE8}") = "Tests", "Tests", "{95A50251-E1AD-437D-808E-2406D84C7319}"
EndProject
Project("{2150E333-8FDC-42A3-9474-1A3956D46DE8}") = "Commons", "Commons", "{F349FDCD-B85F-468A-97FD-A2A453DFF16B}"
EndProject
Project("{2150E333-8FDC-42A3-9474-1A3956D46DE8}") = "Cors", "Cors", "{C05AE570-81E8-40E5-955B-6D647BB3B1C6}"
EndProject
Project("{2150E333-8FDC-42A3-9474-1A3956D46DE8}") = "Infrastructures", "Infrastructures", "{3724C56D-CBCD-460C-BBFE-F85891125E70}"
EndProject
Project("{2150E333-8FDC-42A3-9474-1A3956D46DE8}") = "Presentation", "Presentation", "{7E17C6CE-AA3B-4776-B24C-9DE325A3A354}"
EndProject
Project("{9A19103F-16F7-4668-BE54-9A1E7A4F7556}") = "Common", "Common\Common.csproj", "{9ACD697B-7641-4169-BFED-A494D3357515}"
EndProject
Project("{9A19103F-16F7-4668-BE54-9A1E7A4F7556}") = "Application", "Application\Application.csproj", "{5CBF5987-B1DE-4881-8A23-38334A091967}"
EndProject
Project("{9A19103F-16F7-4668-BE54-9A1E7A4F7556}") = "Domain", "Domain\Domain.csproj", "{A421591E-B758-4D16-9335-B98B7A14FA65}"
EndProject
Project("{9A19103F-16F7-4668-BE54-9A1E7A4F7556}") = "Persistence", "Persistence\Persistence.csproj", "{10E59929-4E53-4E84-A59B-AB672F38E421}"
EndProject
Project("{9A19103F-16F7-4668-BE54-9A1E7A4F7556}") = "Infrastructure", "Infrastructure\Infrastructure.csproj", "{C5988730-6297-49D7-8F1B-AA777F6DF234}"
EndProject
Project("{9A19103F-16F7-4668-BE54-9A1E7A4F7556}") = "ChatMvc", "ChatMvc\ChatMvc.csproj", "{60A56834-044F-4A33-B713-C57F458D304A}"
EndProject
Project("{9A19103F-16F7-4668-BE54-9A1E7A4F7556}") = "Identities", "Identities\Identities.csproj", "{9B309242-8D74-42BF-B523-058B2961E4FB}"
EndProject
Global
	GlobalSection(SolutionConfigurationPlatforms) = preSolution
		Debug|Any CPU = Debug|Any CPU
		Release|Any CPU = Release|Any CPU
	EndGlobalSection
	GlobalSection(ProjectConfigurationPlatforms) = postSolution
		{9ACD697B-7641-4169-BFED-A494D3357515}.Debug|Any CPU.ActiveCfg = Debug|Any CPU
		{9ACD697B-7641-4169-BFED-A494D3357515}.Debug|Any CPU.Build.0 = Debug|Any CPU
		{9ACD697B-7641-4169-BFED-A494D3357515}.Release|Any CPU.ActiveCfg = Release|Any CPU
		{9ACD697B-7641-4169-BFED-A494D3357515}.Release|Any CPU.Build.0 = Release|Any CPU
		{5CBF5987-B1DE-4881-8A23-38334A091967}.Debug|Any CPU.ActiveCfg = Debug|Any CPU
		{5CBF5987-B1DE-4881-8A23-38334A091967}.Debug|Any CPU.Build.0 = Debug|Any CPU
		{5CBF5987-B1DE-4881-8A23-38334A091967}.Release|Any CPU.ActiveCfg = Release|Any CPU
		{5CBF5987-B1DE-4881-8A23-38334A091967}.Release|Any CPU.Build.0 = Release|Any CPU
		{A421591E-B758-4D16-9335-B98B7A14FA65}.Debug|Any CPU.ActiveCfg = Debug|Any CPU
		{A421591E-B758-4D16-9335-B98B7A14FA65}.Debug|Any CPU.Build.0 = Debug|Any CPU
		{A421591E-B758-4D16-9335-B98B7A14FA65}.Release|Any CPU.ActiveCfg = Release|Any CPU
		{A421591E-B758-4D16-9335-B98B7A14FA65}.Release|Any CPU.Build.0 = Release|Any CPU
		{10E59929-4E53-4E84-A59B-AB672F38E421}.Debug|Any CPU.ActiveCfg = Debug|Any CPU
		{10E59929-4E53-4E84-A59B-AB672F38E421}.Debug|Any CPU.Build.0 = Debug|Any CPU
		{10E59929-4E53-4E84-A59B-AB672F38E421}.Release|Any CPU.ActiveCfg = Release|Any CPU
		{10E59929-4E53-4E84-A59B-AB672F38E421}.Release|Any CPU.Build.0 = Release|Any CPU
		{C5988730-6297-49D7-8F1B-AA777F6DF234}.Debug|Any CPU.ActiveCfg = Debug|Any CPU
		{C5988730-6297-49D7-8F1B-AA777F6DF234}.Debug|Any CPU.Build.0 = Debug|Any CPU
		{C5988730-6297-49D7-8F1B-AA777F6DF234}.Release|Any CPU.ActiveCfg = Release|Any CPU
		{C5988730-6297-49D7-8F1B-AA777F6DF234}.Release|Any CPU.Build.0 = Release|Any CPU
		{60A56834-044F-4A33-B713-C57F458D304A}.Debug|Any CPU.ActiveCfg = Debug|Any CPU
		{60A56834-044F-4A33-B713-C57F458D304A}.Debug|Any CPU.Build.0 = Debug|Any CPU
		{60A56834-044F-4A33-B713-C57F458D304A}.Release|Any CPU.ActiveCfg = Release|Any CPU
		{60A56834-044F-4A33-B713-C57F458D304A}.Release|Any CPU.Build.0 = Release|Any CPU
		{9B309242-8D74-42BF-B523-058B2961E4FB}.Debug|Any CPU.ActiveCfg = Debug|Any CPU
		{9B309242-8D74-42BF-B523-058B2961E4FB}.Debug|Any CPU.Build.0 = Debug|Any CPU
		{9B309242-8D74-42BF-B523-058B2961E4FB}.Release|Any CPU.ActiveCfg = Release|Any CPU
		{9B309242-8D74-42BF-B523-058B2961E4FB}.Release|Any CPU.Build.0 = Release|Any CPU
	EndGlobalSection
	GlobalSection(SolutionProperties) = preSolution
		HideSolutionNode = FALSE
	EndGlobalSection
	GlobalSection(NestedProjects) = preSolution
		{F349FDCD-B85F-468A-97FD-A2A453DFF16B} = {1AA1156C-9C09-432E-AE56-56504B753700}
		{C05AE570-81E8-40E5-955B-6D647BB3B1C6} = {1AA1156C-9C09-432E-AE56-56504B753700}
		{3724C56D-CBCD-460C-BBFE-F85891125E70} = {1AA1156C-9C09-432E-AE56-56504B753700}
		{7E17C6CE-AA3B-4776-B24C-9DE325A3A354} = {1AA1156C-9C09-432E-AE56-56504B753700}
		{9ACD697B-7641-4169-BFED-A494D3357515} = {F349FDCD-B85F-468A-97FD-A2A453DFF16B}
		{5CBF5987-B1DE-4881-8A23-38334A091967} = {C05AE570-81E8-40E5-955B-6D647BB3B1C6}
		{A421591E-B758-4D16-9335-B98B7A14FA65} = {C05AE570-81E8-40E5-955B-6D647BB3B1C6}
		{10E59929-4E53-4E84-A59B-AB672F38E421} = {3724C56D-CBCD-460C-BBFE-F85891125E70}
		{C5988730-6297-49D7-8F1B-AA777F6DF234} = {3724C56D-CBCD-460C-BBFE-F85891125E70}
		{60A56834-044F-4A33-B713-C57F458D304A} = {7E17C6CE-AA3B-4776-B24C-9DE325A3A354}
		{9B309242-8D74-42BF-B523-058B2961E4FB} = {7E17C6CE-AA3B-4776-B24C-9DE325A3A354}
	EndGlobalSection
	GlobalSection(ExtensibilityGlobals) = postSolution
		SolutionGuid = {DF6BFD03-8368-4349-A416-BC95D4E8E5C1}
	EndGlobalSection
EndGlobal
